
Microsoft Visual Studio Solution File, Format Version 12.00
# Visual Studio Version 17
VisualStudioVersion = 17.14.36804.6 d17.14
MinimumVisualStudioVersion = 10.0.40219.1
Project("{FAE04EC0-301F-11D3-BF4B-00C04F79EFBC}") = "MindWeaveCliente", "MindWeaveCliente.csproj", "{CA6B8DA6-DF0E-4BC1-87D4-420BD1B7E3CB}"
EndProject
Global
	GlobalSection(SolutionConfigurationPlatforms) = preSolution
		Debug|Any CPU = Debug|Any CPU
		Release|Any CPU = Release|Any CPU
	EndGlobalSection
	GlobalSection(ProjectConfigurationPlatforms) = postSolution
		{CA6B8DA6-DF0E-4BC1-87D4-420BD1B7E3CB}.Debug|Any CPU.ActiveCfg = Debug|Any CPU
		{CA6B8DA6-DF0E-4BC1-87D4-420BD1B7E3CB}.Debug|Any CPU.Build.0 = Debug|Any CPU
		{CA6B8DA6-DF0E-4BC1-87D4-420BD1B7E3CB}.Release|Any CPU.ActiveCfg = Release|Any CPU
		{CA6B8DA6-DF0E-4BC1-87D4-420BD1B7E3CB}.Release|Any CPU.Build.0 = Release|Any CPU
	EndGlobalSection
	GlobalSection(SolutionProperties) = preSolution
		HideSolutionNode = FALSE
	EndGlobalSection
	GlobalSection(ExtensibilityGlobals) = postSolution
		SolutionGuid = {9ABBF593-27D2-4C9C-92C1-DC9D31C18AE3}
	EndGlobalSection
EndGlobal
